
Microsoft Visual Studio Solution File, Format Version 12.00
# Visual Studio 14
VisualStudioVersion = 14.0.24720.0
MinimumVisualStudioVersion = 10.0.40219.1
Project("{9092AA53-FB77-4645-B42D-1CCCA6BD08BD}") = "NodejsApp1", "NodejsApp1.njsproj", "{8E9AA07B-73E5-41C0-A51C-E1F50F2AAC12}"
EndProject
Global
	GlobalSection(SolutionConfigurationPlatforms) = preSolution
		Debug|Any CPU = Debug|Any CPU
		Release|Any CPU = Release|Any CPU
	EndGlobalSection
	GlobalSection(ProjectConfigurationPlatforms) = postSolution
		{8E9AA07B-73E5-41C0-A51C-E1F50F2AAC12}.Debug|Any CPU.ActiveCfg = Debug|Any CPU
		{8E9AA07B-73E5-41C0-A51C-E1F50F2AAC12}.Debug|Any CPU.Build.0 = Debug|Any CPU
		{8E9AA07B-73E5-41C0-A51C-E1F50F2AAC12}.Release|Any CPU.ActiveCfg = Release|Any CPU
		{8E9AA07B-73E5-41C0-A51C-E1F50F2AAC12}.Release|Any CPU.Build.0 = Release|Any CPU
	EndGlobalSection
	GlobalSection(SolutionProperties) = preSolution
		HideSolutionNode = FALSE
	EndGlobalSection
EndGlobal
